<?xml version="1.0" encoding="utf-8"?>
<Project ToolsVersion="4.0" xmlns="http://schemas.microsoft.com/developer/msbuild/2003">
  <ItemGroup>
    <Filter Include="Source Files">
      <UniqueIdentifier>{4FC737F1-C7A5-4376-A066-2A32D752A2FF}</UniqueIdentifier>
      <Extensions>cpp;c;cc;cxx;c++;cppm;ixx;def;odl;idl;hpj;bat;asm;asmx</Extensions>
    </Filter>
    <Filter Include="Header Files">
      <UniqueIdentifier>{93995380-89BD-4b04-88EB-625FBE52EBFB}</UniqueIdentifier>
      <Extensions>h;hh;hpp;hxx;h++;hm;inl;inc;ipp;xsd</Extensions>
    </Filter>
    <Filter Include="Resource Files">
      <UniqueIdentifier>{67DA6AB6-F800-4c08-8B7A-83BB121AAD01}</UniqueIdentifier>
      <Extensions>rc;ico;cur;bmp;dlg;rc2;rct;bin;rgs;gif;jpg;jpeg;jpe;resx;tiff;tif;png;wav;mfcribbon-ms</Extensions>
    </Filter>
  </ItemGroup>
  <ItemGroup>
    <ClCompile Include="ALI.cpp">
      <Filter>Source Files</Filter>
    </ClCompile>
    <ClCompile Include="Instruction.cpp">
      <Filter>Source Files</Filter>
    </ClCompile>
    <ClCompile Include="Hardware.cpp">
      <Filter>Source Files</Filter>
    </ClCompile>
    <ClCompile Include="DEC.cpp">
      <Filter>Source Files</Filter>
    </ClCompile>
    <ClCompile Include="LDA.cpp">
      <Filter>Source Files</Filter>
    </ClCompile>
    <ClCompile Include="LDB.cpp">
      <Filter>Source Files</Filter>
    </ClCompile>
    <ClCompile Include="LDI.cpp">
      <Filter>Source Files</Filter>
    </ClCompile>
    <ClCompile Include="STR.cpp">
      <Filter>Source Files</Filter>
    </ClCompile>
    <ClCompile Include="XCH.cpp">
      <Filter>Source Files</Filter>
    </ClCompile>
    <ClCompile Include="JMP.cpp">
      <Filter>Source Files</Filter>
    </ClCompile>
    <ClCompile Include="JZS.cpp">
      <Filter>Source Files</Filter>
    </ClCompile>
    <ClCompile Include="JVS.cpp">
      <Filter>Source Files</Filter>
    </ClCompile>
    <ClCompile Include="ADD.cpp">
      <Filter>Source Files</Filter>
    </ClCompile>
    <ClCompile Include="Instr.cpp">
      <Filter>Source Files</Filter>
    </ClCompile>
  </ItemGroup>
  <ItemGroup>
    <Text Include="SAL.txt">
      <Filter>Source Files</Filter>
    </Text>
  </ItemGroup>
  <ItemGroup>
    <ClInclude Include="Instruction.h">
      <Filter>Header Files</Filter>
    </ClInclude>
    <ClInclude Include="Hardware.h">
      <Filter>Header Files</Filter>
    </ClInclude>
    <ClInclude Include="DEC.h">
      <Filter>Header Files</Filter>
    </ClInclude>
    <ClInclude Include="LDA.h">
      <Filter>Header Files</Filter>
    </ClInclude>
    <ClInclude Include="LDB.h">
      <Filter>Header Files</Filter>
    </ClInclude>
    <ClInclude Include="LDI.h">
      <Filter>Header Files</Filter>
    </ClInclude>
    <ClInclude Include="STR.h">
      <Filter>Header Files</Filter>
    </ClInclude>
    <ClInclude Include="XCH.h">
      <Filter>Header Files</Filter>
    </ClInclude>
    <ClInclude Include="JMP.h">
      <Filter>Header Files</Filter>
    </ClInclude>
    <ClInclude Include="JZS.h">
      <Filter>Header Files</Filter>
    </ClInclude>
    <ClInclude Include="JVS.h">
      <Filter>Header Files</Filter>
    </ClInclude>
    <ClInclude Include="ADD.h">
      <Filter>Header Files</Filter>
    </ClInclude>
    <ClInclude Include="Instr.h">
      <Filter>Header Files</Filter>
    </ClInclude>
  </ItemGroup>
</Project>